
Microsoft Visual Studio Solution File, Format Version 12.00
# Visual Studio Version 16
VisualStudioVersion = 16.0.30717.126
MinimumVisualStudioVersion = 10.0.40219.1
Project("{8BC9CEB8-8B4A-11D0-8D11-00A0C91BC942}") = "Lab3", "Lab3\Lab3.vcxproj", "{6C423C53-7386-4EF9-8DBD-A3D523B7DAA7}"
EndProject
Global
	GlobalSection(SolutionConfigurationPlatforms) = preSolution
		Debug|x64 = Debug|x64
		Debug|x86 = Debug|x86
		Release|x64 = Release|x64
		Release|x86 = Release|x86
	EndGlobalSection
	GlobalSection(ProjectConfigurationPlatforms) = postSolution
		{6C423C53-7386-4EF9-8DBD-A3D523B7DAA7}.Debug|x64.ActiveCfg = Debug|x64
		{6C423C53-7386-4EF9-8DBD-A3D523B7DAA7}.Debug|x64.Build.0 = Debug|x64
		{6C423C53-7386-4EF9-8DBD-A3D523B7DAA7}.Debug|x86.ActiveCfg = Debug|Win32
		{6C423C53-7386-4EF9-8DBD-A3D523B7DAA7}.Debug|x86.Build.0 = Debug|Win32
		{6C423C53-7386-4EF9-8DBD-A3D523B7DAA7}.Release|x64.ActiveCfg = Release|x64
		{6C423C53-7386-4EF9-8DBD-A3D523B7DAA7}.Release|x64.Build.0 = Release|x64
		{6C423C53-7386-4EF9-8DBD-A3D523B7DAA7}.Release|x86.ActiveCfg = Release|Win32
		{6C423C53-7386-4EF9-8DBD-A3D523B7DAA7}.Release|x86.Build.0 = Release|Win32
	EndGlobalSection
	GlobalSection(SolutionProperties) = preSolution
		HideSolutionNode = FALSE
	EndGlobalSection
	GlobalSection(ExtensibilityGlobals) = postSolution
		SolutionGuid = {4A16361F-9412-470B-87AF-E1701214968D}
	EndGlobalSection
EndGlobal
